// !$*UTF8*$!
{
	archiveVersion = 1;
	classes = {
	};
	objectVersion = 77;
	objects = {

/* Begin PBXBuildFile section */
		TRB001BF001 /* ScoringV4.swift in Sources */ = {isa = PBXBuildFile; fileRef = TRB001SF001 /* ScoringV4.swift */; };
		TRB001BF002 /* Models.swift in Sources */ = {isa = PBXBuildFile; fileRef = TRB001SF002 /* Models.swift */; };
		TRB001BF003 /* OpenFoodFacts.swift in Sources */ = {isa = PBXBuildFile; fileRef = TRB001SF003 /* OpenFoodFacts.swift */; };
		TRB001BF004 /* MockData.swift in Sources */ = {isa = PBXBuildFile; fileRef = TRB001SF004 /* MockData.swift */; };
		TRB001BF005 /* SageCategory.swift in Sources */ = {isa = PBXBuildFile; fileRef = TRB001SF005 /* SageCategory.swift */; };
		TRB001BF006 /* NutrientLevels.swift in Sources */ = {isa = PBXBuildFile; fileRef = TRB001SF006 /* NutrientLevels.swift */; };
		TRB001BF007 /* AdditiveDetector.swift in Sources */ = {isa = PBXBuildFile; fileRef = TRB001SF007 /* AdditiveDetector.swift */; };
		TRB001BF008 /* AdditiveTier+Codable.swift in Sources */ = {isa = PBXBuildFile; fileRef = TRB001SF008 /* AdditiveTier+Codable.swift */; };
		TRB001BF009 /* AvoidListMatcher.swift in Sources */ = {isa = PBXBuildFile; fileRef = TRB001SF009 /* AvoidListMatcher.swift */; };
		TRB001BF010 /* AdditiveKnowledgeBase.swift in Sources */ = {isa = PBXBuildFile; fileRef = TRB001SF010 /* AdditiveKnowledgeBase.swift */; };
		TRB001COPYBF001 /* RulesetV5.json in CopyFiles */ = {isa = PBXBuildFile; fileRef = TRB001REFF002 /* RulesetV5.json */; };
		TRB001COPYBF002 /* Additives.json in CopyFiles */ = {isa = PBXBuildFile; fileRef = TRB001REFF001 /* Additives.json */; };
		TRB001COPYBF003 /* AdditiveKnowledgeBase.json in CopyFiles */ = {isa = PBXBuildFile; fileRef = TRB001REFF003 /* AdditiveKnowledgeBase.json */; };
		TRB001RESBF001 /* Additives.json in Resources */ = {isa = PBXBuildFile; fileRef = TRB001REFF001 /* Additives.json */; };
		TRB001RESBF002 /* RulesetV5.json in Resources */ = {isa = PBXBuildFile; fileRef = TRB001REFF002 /* RulesetV5.json */; };
		TRB001RESBF003 /* AdditiveKnowledgeBase.json in Resources */ = {isa = PBXBuildFile; fileRef = TRB001REFF003 /* AdditiveKnowledgeBase.json */; };
/* End PBXBuildFile section */

/* Begin PBXContainerItemProxy section */
		975E57932FBA57E4000E9CAF /* PBXContainerItemProxy */ = {
			isa = PBXContainerItemProxy;
			containerPortal = 975E57792FBA57E1000E9CAF /* Project object */;
			proxyType = 1;
			remoteGlobalIDString = 975E57802FBA57E1000E9CAF;
			remoteInfo = Sage;
		};
		975E579D2FBA57E6000E9CAF /* PBXContainerItemProxy */ = {
			isa = PBXContainerItemProxy;
			containerPortal = 975E57792FBA57E1000E9CAF /* Project object */;
			proxyType = 1;
			remoteGlobalIDString = 975E57802FBA57E1000E9CAF;
			remoteInfo = Sage;
		};
/* End PBXContainerItemProxy section */

/* Begin PBXCopyFilesBuildPhase section */
		TRB001COPY001 /* CopyFiles */ = {
			isa = PBXCopyFilesBuildPhase;
			buildActionMask = 2147483647;
			dstPath = "";
			dstSubfolderSpec = 16;
			files = (
				TRB001COPYBF001 /* RulesetV5.json in CopyFiles */,
				TRB001COPYBF002 /* Additives.json in CopyFiles */,
				TRB001COPYBF003 /* AdditiveKnowledgeBase.json in CopyFiles */,
			);
			runOnlyForDeploymentPostprocessing = 0;
		};
/* End PBXCopyFilesBuildPhase section */

/* Begin PBXFileReference section */
		975E57812FBA57E1000E9CAF /* Sage.app */ = {isa = PBXFileReference; explicitFileType = wrapper.application; includeInIndex = 0; path = Sage.app; sourceTree = BUILT_PRODUCTS_DIR; };
		975E57922FBA57E4000E9CAF /* nutriappTests.xctest */ = {isa = PBXFileReference; explicitFileType = wrapper.cfbundle; includeInIndex = 0; path = nutriappTests.xctest; sourceTree = BUILT_PRODUCTS_DIR; };
		975E579C2FBA57E6000E9CAF /* nutriappUITests.xctest */ = {isa = PBXFileReference; explicitFileType = wrapper.cfbundle; includeInIndex = 0; path = nutriappUITests.xctest; sourceTree = BUILT_PRODUCTS_DIR; };
		TRB001PRODREF01 /* TopRatedBuilder */ = {isa = PBXFileReference; explicitFileType = "compiled.mach-o.executable"; includeInIndex = 0; path = TopRatedBuilder; sourceTree = BUILT_PRODUCTS_DIR; };
		TRB001REFF001 /* Additives.json */ = {isa = PBXFileReference; lastKnownFileType = text.json; name = Additives.json; path = Sage/Additives.json; sourceTree = "<group>"; };
		TRB001REFF002 /* RulesetV5.json */ = {isa = PBXFileReference; lastKnownFileType = text.json; name = RulesetV5.json; path = Sage/RulesetV5.json; sourceTree = "<group>"; };
		TRB001REFF003 /* AdditiveKnowledgeBase.json */ = {isa = PBXFileReference; lastKnownFileType = text.json; name = AdditiveKnowledgeBase.json; path = Sage/AdditiveKnowledgeBase.json; sourceTree = "<group>"; };
		TRB001SF001 /* ScoringV4.swift */ = {isa = PBXFileReference; lastKnownFileType = sourcecode.swift; path = ScoringV4.swift; sourceTree = "<group>"; };
		TRB001SF002 /* Models.swift */ = {isa = PBXFileReference; lastKnownFileType = sourcecode.swift; path = Models.swift; sourceTree = "<group>"; };
		TRB001SF003 /* OpenFoodFacts.swift */ = {isa = PBXFileReference; lastKnownFileType = sourcecode.swift; path = OpenFoodFacts.swift; sourceTree = "<group>"; };
		TRB001SF004 /* MockData.swift */ = {isa = PBXFileReference; lastKnownFileType = sourcecode.swift; path = MockData.swift; sourceTree = "<group>"; };
		TRB001SF005 /* SageCategory.swift */ = {isa = PBXFileReference; lastKnownFileType = sourcecode.swift; path = SageCategory.swift; sourceTree = "<group>"; };
		TRB001SF006 /* NutrientLevels.swift */ = {isa = PBXFileReference; lastKnownFileType = sourcecode.swift; path = NutrientLevels.swift; sourceTree = "<group>"; };
		TRB001SF007 /* AdditiveDetector.swift */ = {isa = PBXFileReference; lastKnownFileType = sourcecode.swift; path = AdditiveDetector.swift; sourceTree = "<group>"; };
		TRB001SF008 /* AdditiveTier+Codable.swift */ = {isa = PBXFileReference; lastKnownFileType = sourcecode.swift; path = "AdditiveTier+Codable.swift"; sourceTree = "<group>"; };
		TRB001SF009 /* AvoidListMatcher.swift */ = {isa = PBXFileReference; lastKnownFileType = sourcecode.swift; path = AvoidListMatcher.swift; sourceTree = "<group>"; };
		TRB001SF010 /* AdditiveKnowledgeBase.swift */ = {isa = PBXFileReference; lastKnownFileType = sourcecode.swift; path = AdditiveKnowledgeBase.swift; sourceTree = "<group>"; };
/* End PBXFileReference section */

/* Begin PBXFileSystemSynchronizedRootGroup section */
		975E57832FBA57E1000E9CAF /* Sage */ = {
			isa = PBXFileSystemSynchronizedRootGroup;
			path = Sage;
			sourceTree = "<group>";
		};
		975E57952FBA57E4000E9CAF /* nutriappTests */ = {
			isa = PBXFileSystemSynchronizedRootGroup;
			path = nutriappTests;
			sourceTree = "<group>";
		};
		975E579F2FBA57E6000E9CAF /* nutriappUITests */ = {
			isa = PBXFileSystemSynchronizedRootGroup;
			path = nutriappUITests;
			sourceTree = "<group>";
		};
		TRB001FSGROUP01 /* TopRatedBuilder */ = {
			isa = PBXFileSystemSynchronizedRootGroup;
			path = TopRatedBuilder;
			sourceTree = "<group>";
		};
/* End PBXFileSystemSynchronizedRootGroup section */

/* Begin PBXFrameworksBuildPhase section */
		975E577E2FBA57E1000E9CAF /* Frameworks */ = {
			isa = PBXFrameworksBuildPhase;
			buildActionMask = 2147483647;
			files = (
			);
			runOnlyForDeploymentPostprocessing = 0;
		};
		975E578F2FBA57E3000E9CAF /* Frameworks */ = {
			isa = PBXFrameworksBuildPhase;
			buildActionMask = 2147483647;
			files = (
			);
			runOnlyForDeploymentPostprocessing = 0;
		};
		975E57992FBA57E5000E9CAF /* Frameworks */ = {
			isa = PBXFrameworksBuildPhase;
			buildActionMask = 2147483647;
			files = (
			);
			runOnlyForDeploymentPostprocessing = 0;
		};
		TRB001FRMW001 /* Frameworks */ = {
			isa = PBXFrameworksBuildPhase;
			buildActionMask = 2147483647;
			files = (
			);
			runOnlyForDeploymentPostprocessing = 0;
		};
/* End PBXFrameworksBuildPhase section */

/* Begin PBXGroup section */
		975E57782FBA57E1000E9CAF = {
			isa = PBXGroup;
			children = (
				975E57832FBA57E1000E9CAF /* Sage */,
				TRB001FSGROUP01 /* TopRatedBuilder */,
				TRB001SRCGRP01 /* ScoringSources */,
				TRB001RESGRP01 /* ScoringResources */,
				975E57952FBA57E4000E9CAF /* nutriappTests */,
				975E579F2FBA57E6000E9CAF /* nutriappUITests */,
				975E57822FBA57E1000E9CAF /* Products */,
			);
			sourceTree = "<group>";
		};
		975E57822FBA57E1000E9CAF /* Products */ = {
			isa = PBXGroup;
			children = (
				975E57812FBA57E1000E9CAF /* Sage.app */,
				975E57922FBA57E4000E9CAF /* nutriappTests.xctest */,
				975E579C2FBA57E6000E9CAF /* nutriappUITests.xctest */,
				TRB001PRODREF01 /* TopRatedBuilder */,
			);
			name = Products;
			sourceTree = "<group>";
		};
		TRB001RESGRP01 /* ScoringResources */ = {
			isa = PBXGroup;
			children = (
				TRB001REFF001 /* Additives.json */,
				TRB001REFF002 /* RulesetV5.json */,
				TRB001REFF003 /* AdditiveKnowledgeBase.json */,
			);
			name = ScoringResources;
			sourceTree = "<group>";
		};
		TRB001SRCGRP01 /* ScoringSources */ = {
			isa = PBXGroup;
			children = (
				TRB001SF001 /* ScoringV4.swift */,
				TRB001SF002 /* Models.swift */,
				TRB001SF003 /* OpenFoodFacts.swift */,
				TRB001SF004 /* MockData.swift */,
				TRB001SF005 /* SageCategory.swift */,
				TRB001SF006 /* NutrientLevels.swift */,
				TRB001SF007 /* AdditiveDetector.swift */,
				TRB001SF008 /* AdditiveTier+Codable.swift */,
				TRB001SF009 /* AvoidListMatcher.swift */,
				TRB001SF010 /* AdditiveKnowledgeBase.swift */,
			);
			name = ScoringSources;
			path = Sage;
			sourceTree = "<group>";
		};
/* End PBXGroup section */

/* Begin PBXNativeTarget section */
		975E57802FBA57E1000E9CAF /* Sage */ = {
			isa = PBXNativeTarget;
			buildConfigurationList = 975E57A62FBA57E7000E9CAF /* Build configuration list for PBXNativeTarget "Sage" */;
			buildPhases = (
				975E577D2FBA57E1000E9CAF /* Sources */,
				975E577E2FBA57E1000E9CAF /* Frameworks */,
				975E577F2FBA57E1000E9CAF /* Resources */,
			);
			buildRules = (
			);
			dependencies = (
			);
			fileSystemSynchronizedGroups = (
				975E57832FBA57E1000E9CAF /* Sage */,
			);
			name = Sage;
			packageProductDependencies = (
			);
			productName = Sage;
			productReference = 975E57812FBA57E1000E9CAF /* Sage.app */;
			productType = "com.apple.product-type.application";
		};
		975E57912FBA57E3000E9CAF /* nutriappTests */ = {
			isa = PBXNativeTarget;
			buildConfigurationList = 975E57A92FBA57E7000E9CAF /* Build configuration list for PBXNativeTarget "nutriappTests" */;
			buildPhases = (
				975E578E2FBA57E3000E9CAF /* Sources */,
				975E578F2FBA57E3000E9CAF /* Frameworks */,
				975E57902FBA57E3000E9CAF /* Resources */,
			);
			buildRules = (
			);
			dependencies = (
				975E57942FBA57E4000E9CAF /* PBXTargetDependency */,
			);
			fileSystemSynchronizedGroups = (
				975E57952FBA57E4000E9CAF /* nutriappTests */,
			);
			name = nutriappTests;
			packageProductDependencies = (
			);
			productName = nutriappTests;
			productReference = 975E57922FBA57E4000E9CAF /* nutriappTests.xctest */;
			productType = "com.apple.product-type.bundle.unit-test";
		};
		975E579B2FBA57E5000E9CAF /* nutriappUITests */ = {
			isa = PBXNativeTarget;
			buildConfigurationList = 975E57AC2FBA57E7000E9CAF /* Build configuration list for PBXNativeTarget "nutriappUITests" */;
			buildPhases = (
				975E57982FBA57E5000E9CAF /* Sources */,
				975E57992FBA57E5000E9CAF /* Frameworks */,
				975E579A2FBA57E5000E9CAF /* Resources */,
			);
			buildRules = (
			);
			dependencies = (
				975E579E2FBA57E6000E9CAF /* PBXTargetDependency */,
			);
			fileSystemSynchronizedGroups = (
				975E579F2FBA57E6000E9CAF /* nutriappUITests */,
			);
			name = nutriappUITests;
			packageProductDependencies = (
			);
			productName = nutriappUITests;
			productReference = 975E579C2FBA57E6000E9CAF /* nutriappUITests.xctest */;
			productType = "com.apple.product-type.bundle.ui-testing";
		};
		TRB001TARGET01 /* TopRatedBuilder */ = {
			isa = PBXNativeTarget;
			buildConfigurationList = TRB001BLCL001 /* Build configuration list for PBXNativeTarget "TopRatedBuilder" */;
			buildPhases = (
				TRB001SRC001 /* Sources */,
				TRB001FRMW001 /* Frameworks */,
				TRB001RES001 /* Resources */,
				TRB001COPY001 /* CopyFiles */,
			);
			buildRules = (
			);
			dependencies = (
			);
			fileSystemSynchronizedGroups = (
				TRB001FSGROUP01 /* TopRatedBuilder */,
			);
			name = TopRatedBuilder;
			packageProductDependencies = (
			);
			productName = TopRatedBuilder;
			productReference = TRB001PRODREF01 /* TopRatedBuilder */;
			productType = "com.apple.product-type.tool";
		};
/* End PBXNativeTarget section */

/* Begin PBXProject section */
		975E57792FBA57E1000E9CAF /* Project object */ = {
			isa = PBXProject;
			attributes = {
				BuildIndependentTargetsInParallel = 1;
				LastSwiftUpdateCheck = 1620;
				LastUpgradeCheck = 2650;
				TargetAttributes = {
					975E57802FBA57E1000E9CAF = {
						CreatedOnToolsVersion = 16.2;
						LastSwiftMigration = 1620;
					};
					975E57912FBA57E3000E9CAF = {
						CreatedOnToolsVersion = 16.2;
						TestTargetID = 975E57802FBA57E1000E9CAF;
					};
					975E579B2FBA57E5000E9CAF = {
						CreatedOnToolsVersion = 16.2;
						TestTargetID = 975E57802FBA57E1000E9CAF;
					};
					TRB001TARGET01 = {
						CreatedOnToolsVersion = 16.2;
					};
				};
			};
			buildConfigurationList = 975E577C2FBA57E1000E9CAF /* Build configuration list for PBXProject "Sage" */;
			developmentRegion = en;
			hasScannedForEncodings = 0;
			knownRegions = (
				en,
				Base,
				"pt-BR",
			);
			mainGroup = 975E57782FBA57E1000E9CAF;
			minimizedProjectReferenceProxies = 1;
			preferredProjectObjectVersion = 77;
			productRefGroup = 975E57822FBA57E1000E9CAF /* Products */;
			projectDirPath = "";
			projectRoot = "";
			targets = (
				975E57802FBA57E1000E9CAF /* Sage */,
				975E57912FBA57E3000E9CAF /* nutriappTests */,
				975E579B2FBA57E5000E9CAF /* nutriappUITests */,
				TRB001TARGET01 /* TopRatedBuilder */,
			);
		};
/* End PBXProject section */

/* Begin PBXResourcesBuildPhase section */
		975E577F2FBA57E1000E9CAF /* Resources */ = {
			isa = PBXResourcesBuildPhase;
			buildActionMask = 2147483647;
			files = (
			);
			runOnlyForDeploymentPostprocessing = 0;
		};
		975E57902FBA57E3000E9CAF /* Resources */ = {
			isa = PBXResourcesBuildPhase;
			buildActionMask = 2147483647;
			files = (
			);
			runOnlyForDeploymentPostprocessing = 0;
		};
		975E579A2FBA57E5000E9CAF /* Resources */ = {
			isa = PBXResourcesBuildPhase;
			buildActionMask = 2147483647;
			files = (
			);
			runOnlyForDeploymentPostprocessing = 0;
		};
		TRB001RES001 /* Resources */ = {
			isa = PBXResourcesBuildPhase;
			buildActionMask = 2147483647;
			files = (
				TRB001RESBF001 /* Additives.json in Resources */,
				TRB001RESBF002 /* RulesetV5.json in Resources */,
				TRB001RESBF003 /* AdditiveKnowledgeBase.json in Resources */,
			);
			runOnlyForDeploymentPostprocessing = 0;
		};
/* End PBXResourcesBuildPhase section */

/* Begin PBXSourcesBuildPhase section */
		975E577D2FBA57E1000E9CAF /* Sources */ = {
			isa = PBXSourcesBuildPhase;
			buildActionMask = 2147483647;
			files = (
			);
			runOnlyForDeploymentPostprocessing = 0;
		};
		975E578E2FBA57E3000E9CAF /* Sources */ = {
			isa = PBXSourcesBuildPhase;
			buildActionMask = 2147483647;
			files = (
			);
			runOnlyForDeploymentPostprocessing = 0;
		};
		975E57982FBA57E5000E9CAF /* Sources */ = {
			isa = PBXSourcesBuildPhase;
			buildActionMask = 2147483647;
			files = (
			);
			runOnlyForDeploymentPostprocessing = 0;
		};
		TRB001SRC001 /* Sources */ = {
			isa = PBXSourcesBuildPhase;
			buildActionMask = 2147483647;
			files = (
				TRB001BF001 /* ScoringV4.swift in Sources */,
				TRB001BF002 /* Models.swift in Sources */,
				TRB001BF003 /* OpenFoodFacts.swift in Sources */,
				TRB001BF004 /* MockData.swift in Sources */,
				TRB001BF005 /* SageCategory.swift in Sources */,
				TRB001BF006 /* NutrientLevels.swift in Sources */,
				TRB001BF007 /* AdditiveDetector.swift in Sources */,
				TRB001BF008 /* AdditiveTier+Codable.swift in Sources */,
				TRB001BF009 /* AvoidListMatcher.swift in Sources */,
				TRB001BF010 /* AdditiveKnowledgeBase.swift in Sources */,
			);
			runOnlyForDeploymentPostprocessing = 0;
		};
/* End PBXSourcesBuildPhase section */

/* Begin PBXTargetDependency section */
		975E57942FBA57E4000E9CAF /* PBXTargetDependency */ = {
			isa = PBXTargetDependency;
			target = 975E57802FBA57E1000E9CAF /* Sage */;
			targetProxy = 975E57932FBA57E4000E9CAF /* PBXContainerItemProxy */;
		};
		975E579E2FBA57E6000E9CAF /* PBXTargetDependency */ = {
			isa = PBXTargetDependency;
			target = 975E57802FBA57E1000E9CAF /* Sage */;
			targetProxy = 975E579D2FBA57E6000E9CAF /* PBXContainerItemProxy */;
		};
/* End PBXTargetDependency section */

/* Begin XCBuildConfiguration section */
		975E57A42FBA57E7000E9CAF /* Debug */ = {
			isa = XCBuildConfiguration;
			buildSettings = {
				ALWAYS_SEARCH_USER_PATHS = NO;
				ASSETCATALOG_COMPILER_GENERATE_SWIFT_ASSET_SYMBOL_EXTENSIONS = YES;
				CLANG_ANALYZER_NONNULL = YES;
				CLANG_ANALYZER_NUMBER_OBJECT_CONVERSION = YES_AGGRESSIVE;
				CLANG_CXX_LANGUAGE_STANDARD = "gnu++20";
				CLANG_ENABLE_MODULES = YES;
				CLANG_ENABLE_OBJC_ARC = YES;
				CLANG_ENABLE_OBJC_WEAK = YES;
				CLANG_WARN_BLOCK_CAPTURE_AUTORELEASING = YES;
				CLANG_WARN_BOOL_CONVERSION = YES;
				CLANG_WARN_COMMA = YES;
				CLANG_WARN_CONSTANT_CONVERSION = YES;
				CLANG_WARN_DEPRECATED_OBJC_IMPLEMENTATIONS = YES;
				CLANG_WARN_DIRECT_OBJC_ISA_USAGE = YES_ERROR;
				CLANG_WARN_DOCUMENTATION_COMMENTS = YES;
				CLANG_WARN_EMPTY_BODY = YES;
				CLANG_WARN_ENUM_CONVERSION = YES;
				CLANG_WARN_INFINITE_RECURSION = YES;
				CLANG_WARN_INT_CONVERSION = YES;
				CLANG_WARN_NON_LITERAL_NULL_CONVERSION = YES;
				CLANG_WARN_OBJC_IMPLICIT_RETAIN_SELF = YES;
				CLANG_WARN_OBJC_LITERAL_CONVERSION = YES;
				CLANG_WARN_OBJC_ROOT_CLASS = YES_ERROR;
				CLANG_WARN_QUOTED_INCLUDE_IN_FRAMEWORK_HEADER = YES;
				CLANG_WARN_RANGE_LOOP_ANALYSIS = YES;
				CLANG_WARN_STRICT_PROTOTYPES = YES;
				CLANG_WARN_SUSPICIOUS_MOVE = YES;
				CLANG_WARN_UNGUARDED_AVAILABILITY = YES_AGGRESSIVE;
				CLANG_WARN_UNREACHABLE_CODE = YES;
				CLANG_WARN__DUPLICATE_METHOD_MATCH = YES;
				COPY_PHASE_STRIP = NO;
				DEAD_CODE_STRIPPING = YES;
				DEBUG_INFORMATION_FORMAT = dwarf;
				ENABLE_STRICT_OBJC_MSGSEND = YES;
				ENABLE_TESTABILITY = YES;
				ENABLE_USER_SCRIPT_SANDBOXING = YES;
				GCC_C_LANGUAGE_STANDARD = gnu17;
				GCC_DYNAMIC_NO_PIC = NO;
				GCC_NO_COMMON_BLOCKS = YES;
				GCC_OPTIMIZATION_LEVEL = 0;
				GCC_PREPROCESSOR_DEFINITIONS = (
					"DEBUG=1",
					"$(inherited)",
				);
				GCC_WARN_64_TO_32_BIT_CONVERSION = YES;
				GCC_WARN_ABOUT_RETURN_TYPE = YES_ERROR;
				GCC_WARN_UNDECLARED_SELECTOR = YES;
				GCC_WARN_UNINITIALIZED_AUTOS = YES_AGGRESSIVE;
				GCC_WARN_UNUSED_FUNCTION = YES;
				GCC_WARN_UNUSED_VARIABLE = YES;
				LOCALIZATION_PREFERS_STRING_CATALOGS = YES;
				MTL_ENABLE_DEBUG_INFO = INCLUDE_SOURCE;
				MTL_FAST_MATH = YES;
				ONLY_ACTIVE_ARCH = YES;
				STRING_CATALOG_GENERATE_SYMBOLS = YES;
				SWIFT_ACTIVE_COMPILATION_CONDITIONS = "DEBUG $(inherited)";
				SWIFT_OPTIMIZATION_LEVEL = "-Onone";
			};
			name = Debug;
		};
		975E57A52FBA57E7000E9CAF /* Release */ = {
			isa = XCBuildConfiguration;
			buildSettings = {
				ALWAYS_SEARCH_USER_PATHS = NO;
				ASSETCATALOG_COMPILER_GENERATE_SWIFT_ASSET_SYMBOL_EXTENSIONS = YES;
				CLANG_ANALYZER_NONNULL = YES;
				CLANG_ANALYZER_NUMBER_OBJECT_CONVERSION = YES_AGGRESSIVE;
				CLANG_CXX_LANGUAGE_STANDARD = "gnu++20";
				CLANG_ENABLE_MODULES = YES;
				CLANG_ENABLE_OBJC_ARC = YES;
				CLANG_ENABLE_OBJC_WEAK = YES;
				CLANG_WARN_BLOCK_CAPTURE_AUTORELEASING = YES;
				CLANG_WARN_BOOL_CONVERSION = YES;
				CLANG_WARN_COMMA = YES;
				CLANG_WARN_CONSTANT_CONVERSION = YES;
				CLANG_WARN_DEPRECATED_OBJC_IMPLEMENTATIONS = YES;
				CLANG_WARN_DIRECT_OBJC_ISA_USAGE = YES_ERROR;
				CLANG_WARN_DOCUMENTATION_COMMENTS = YES;
				CLANG_WARN_EMPTY_BODY = YES;
				CLANG_WARN_ENUM_CONVERSION = YES;
				CLANG_WARN_INFINITE_RECURSION = YES;
				CLANG_WARN_INT_CONVERSION = YES;
				CLANG_WARN_NON_LITERAL_NULL_CONVERSION = YES;
				CLANG_WARN_OBJC_IMPLICIT_RETAIN_SELF = YES;
				CLANG_WARN_OBJC_LITERAL_CONVERSION = YES;
				CLANG_WARN_OBJC_ROOT_CLASS = YES_ERROR;
				CLANG_WARN_QUOTED_INCLUDE_IN_FRAMEWORK_HEADER = YES;
				CLANG_WARN_RANGE_LOOP_ANALYSIS = YES;
				CLANG_WARN_STRICT_PROTOTYPES = YES;
				CLANG_WARN_SUSPICIOUS_MOVE = YES;
				CLANG_WARN_UNGUARDED_AVAILABILITY = YES_AGGRESSIVE;
				CLANG_WARN_UNREACHABLE_CODE = YES;
				CLANG_WARN__DUPLICATE_METHOD_MATCH = YES;
				COPY_PHASE_STRIP = NO;
				DEAD_CODE_STRIPPING = YES;
				DEBUG_INFORMATION_FORMAT = "dwarf-with-dsym";
				ENABLE_NS_ASSERTIONS = NO;
				ENABLE_STRICT_OBJC_MSGSEND = YES;
				ENABLE_TESTABILITY = YES;
				ENABLE_USER_SCRIPT_SANDBOXING = YES;
				GCC_C_LANGUAGE_STANDARD = gnu17;
				GCC_NO_COMMON_BLOCKS = YES;
				GCC_WARN_64_TO_32_BIT_CONVERSION = YES;
				GCC_WARN_ABOUT_RETURN_TYPE = YES_ERROR;
				GCC_WARN_UNDECLARED_SELECTOR = YES;
				GCC_WARN_UNINITIALIZED_AUTOS = YES_AGGRESSIVE;
				GCC_WARN_UNUSED_FUNCTION = YES;
				GCC_WARN_UNUSED_VARIABLE = YES;
				LOCALIZATION_PREFERS_STRING_CATALOGS = YES;
				MTL_ENABLE_DEBUG_INFO = NO;
				MTL_FAST_MATH = YES;
				STRING_CATALOG_GENERATE_SYMBOLS = YES;
				SWIFT_COMPILATION_MODE = wholemodule;
			};
			name = Release;
		};
		975E57A72FBA57E7000E9CAF /* Debug */ = {
			isa = XCBuildConfiguration;
			buildSettings = {
				ASSETCATALOG_COMPILER_APPICON_NAME = AppIcon;
				ASSETCATALOG_COMPILER_GLOBAL_ACCENT_COLOR_NAME = AccentColor;
				CLANG_ENABLE_MODULES = YES;
				CODE_SIGN_ENTITLEMENTS = Sage/Sage.entitlements;
				CODE_SIGN_STYLE = Automatic;
				CURRENT_PROJECT_VERSION = 1;
				DEAD_CODE_STRIPPING = YES;
				DEVELOPMENT_ASSET_PATHS = "\"Sage/Preview Content\"";
				DEVELOPMENT_TEAM = ZBZKP9T3S5;
				ENABLE_PREVIEWS = YES;
				GENERATE_INFOPLIST_FILE = YES;
				INFOPLIST_FILE = Info.plist;
				INFOPLIST_KEY_CFBundleDisplayName = Sage;
				INFOPLIST_KEY_NSCameraUsageDescription = "Sage uses the camera to scan product barcodes.";
				"INFOPLIST_KEY_UIApplicationSceneManifest_Generation[sdk=iphoneos*]" = YES;
				"INFOPLIST_KEY_UIApplicationSceneManifest_Generation[sdk=iphonesimulator*]" = YES;
				"INFOPLIST_KEY_UIApplicationSupportsIndirectInputEvents[sdk=iphoneos*]" = YES;
				"INFOPLIST_KEY_UIApplicationSupportsIndirectInputEvents[sdk=iphonesimulator*]" = YES;
				"INFOPLIST_KEY_UILaunchScreen_Generation[sdk=iphoneos*]" = YES;
				"INFOPLIST_KEY_UILaunchScreen_Generation[sdk=iphonesimulator*]" = YES;
				"INFOPLIST_KEY_UIStatusBarStyle[sdk=iphoneos*]" = UIStatusBarStyleDefault;
				"INFOPLIST_KEY_UIStatusBarStyle[sdk=iphonesimulator*]" = UIStatusBarStyleDefault;
				INFOPLIST_KEY_UISupportedInterfaceOrientations_iPad = "UIInterfaceOrientationPortrait UIInterfaceOrientationPortraitUpsideDown UIInterfaceOrientationLandscapeLeft UIInterfaceOrientationLandscapeRight";
				INFOPLIST_KEY_UISupportedInterfaceOrientations_iPhone = "UIInterfaceOrientationPortrait UIInterfaceOrientationLandscapeLeft UIInterfaceOrientationLandscapeRight";
				IPHONEOS_DEPLOYMENT_TARGET = 18.2;
				LD_RUNPATH_SEARCH_PATHS = "@executable_path/Frameworks";
				"LD_RUNPATH_SEARCH_PATHS[sdk=macosx*]" = "@executable_path/../Frameworks";
				MACOSX_DEPLOYMENT_TARGET = 15.2;
				MARKETING_VERSION = 1.0;
				PRODUCT_BUNDLE_IDENTIFIER = com.fmx.sage;
				"PRODUCT_BUNDLE_IDENTIFIER[sdk=iphoneos*]" = enrico.com.sage;
				PRODUCT_NAME = "$(TARGET_NAME)";
				SDKROOT = auto;
				SUPPORTED_PLATFORMS = "iphoneos iphonesimulator macosx xros xrsimulator";
				SWIFT_EMIT_LOC_STRINGS = YES;
				SWIFT_OPTIMIZATION_LEVEL = "-Onone";
				SWIFT_VERSION = 5.0;
				TARGETED_DEVICE_FAMILY = "1,2,7";
				XROS_DEPLOYMENT_TARGET = 2.2;
			};
			name = Debug;
		};
		975E57A82FBA57E7000E9CAF /* Release */ = {
			isa = XCBuildConfiguration;
			buildSettings = {
				ASSETCATALOG_COMPILER_APPICON_NAME = AppIcon;
				ASSETCATALOG_COMPILER_GLOBAL_ACCENT_COLOR_NAME = AccentColor;
				CLANG_ENABLE_MODULES = YES;
				CODE_SIGN_ENTITLEMENTS = Sage/Sage.entitlements;
				CODE_SIGN_STYLE = Automatic;
				CURRENT_PROJECT_VERSION = 1;
				DEAD_CODE_STRIPPING = YES;
				DEVELOPMENT_ASSET_PATHS = "\"Sage/Preview Content\"";
				DEVELOPMENT_TEAM = ZBZKP9T3S5;
				ENABLE_PREVIEWS = YES;
				GENERATE_INFOPLIST_FILE = YES;
				INFOPLIST_FILE = Info.plist;
				INFOPLIST_KEY_CFBundleDisplayName = Sage;
				INFOPLIST_KEY_NSCameraUsageDescription = "Sage uses the camera to scan product barcodes.";
				"INFOPLIST_KEY_UIApplicationSceneManifest_Generation[sdk=iphoneos*]" = YES;
				"INFOPLIST_KEY_UIApplicationSceneManifest_Generation[sdk=iphonesimulator*]" = YES;
				"INFOPLIST_KEY_UIApplicationSupportsIndirectInputEvents[sdk=iphoneos*]" = YES;
				"INFOPLIST_KEY_UIApplicationSupportsIndirectInputEvents[sdk=iphonesimulator*]" = YES;
				"INFOPLIST_KEY_UILaunchScreen_Generation[sdk=iphoneos*]" = YES;
				"INFOPLIST_KEY_UILaunchScreen_Generation[sdk=iphonesimulator*]" = YES;
				"INFOPLIST_KEY_UIStatusBarStyle[sdk=iphoneos*]" = UIStatusBarStyleDefault;
				"INFOPLIST_KEY_UIStatusBarStyle[sdk=iphonesimulator*]" = UIStatusBarStyleDefault;
				INFOPLIST_KEY_UISupportedInterfaceOrientations_iPad = "UIInterfaceOrientationPortrait UIInterfaceOrientationPortraitUpsideDown UIInterfaceOrientationLandscapeLeft UIInterfaceOrientationLandscapeRight";
				INFOPLIST_KEY_UISupportedInterfaceOrientations_iPhone = "UIInterfaceOrientationPortrait UIInterfaceOrientationLandscapeLeft UIInterfaceOrientationLandscapeRight";
				IPHONEOS_DEPLOYMENT_TARGET = 18.2;
				LD_RUNPATH_SEARCH_PATHS = "@executable_path/Frameworks";
				"LD_RUNPATH_SEARCH_PATHS[sdk=macosx*]" = "@executable_path/../Frameworks";
				MACOSX_DEPLOYMENT_TARGET = 15.2;
				MARKETING_VERSION = 1.0;
				PRODUCT_BUNDLE_IDENTIFIER = com.fmx.sage;
				"PRODUCT_BUNDLE_IDENTIFIER[sdk=iphoneos*]" = enrico.com.sage;
				PRODUCT_NAME = "$(TARGET_NAME)";
				SDKROOT = auto;
				SUPPORTED_PLATFORMS = "iphoneos iphonesimulator macosx xros xrsimulator";
				SWIFT_EMIT_LOC_STRINGS = YES;
				SWIFT_VERSION = 5.0;
				TARGETED_DEVICE_FAMILY = "1,2,7";
				XROS_DEPLOYMENT_TARGET = 2.2;
			};
			name = Release;
		};
		975E57AA2FBA57E7000E9CAF /* Debug */ = {
			isa = XCBuildConfiguration;
			buildSettings = {
				BUNDLE_LOADER = "$(TEST_HOST)";
				CODE_SIGN_STYLE = Automatic;
				CURRENT_PROJECT_VERSION = 1;
				DEAD_CODE_STRIPPING = YES;
				GENERATE_INFOPLIST_FILE = YES;
				IPHONEOS_DEPLOYMENT_TARGET = 18.2;
				MACOSX_DEPLOYMENT_TARGET = 15.2;
				MARKETING_VERSION = 1.0;
				PRODUCT_BUNDLE_IDENTIFIER = my.nutriappTests;
				PRODUCT_NAME = "$(TARGET_NAME)";
				SDKROOT = auto;
				SUPPORTED_PLATFORMS = "iphoneos iphonesimulator macosx xros xrsimulator";
				SWIFT_EMIT_LOC_STRINGS = NO;
				SWIFT_VERSION = 5.0;
				TARGETED_DEVICE_FAMILY = "1,2,7";
				TEST_HOST = "$(BUILT_PRODUCTS_DIR)/Sage.app/$(BUNDLE_EXECUTABLE_FOLDER_PATH)/Sage";
				XROS_DEPLOYMENT_TARGET = 2.2;
			};
			name = Debug;
		};
		975E57AB2FBA57E7000E9CAF /* Release */ = {
			isa = XCBuildConfiguration;
			buildSettings = {
				BUNDLE_LOADER = "$(TEST_HOST)";
				CODE_SIGN_STYLE = Automatic;
				CURRENT_PROJECT_VERSION = 1;
				DEAD_CODE_STRIPPING = YES;
				GENERATE_INFOPLIST_FILE = YES;
				IPHONEOS_DEPLOYMENT_TARGET = 18.2;
				MACOSX_DEPLOYMENT_TARGET = 15.2;
				MARKETING_VERSION = 1.0;
				PRODUCT_BUNDLE_IDENTIFIER = my.nutriappTests;
				PRODUCT_NAME = "$(TARGET_NAME)";
				SDKROOT = auto;
				SUPPORTED_PLATFORMS = "iphoneos iphonesimulator macosx xros xrsimulator";
				SWIFT_EMIT_LOC_STRINGS = NO;
				SWIFT_VERSION = 5.0;
				TARGETED_DEVICE_FAMILY = "1,2,7";
				TEST_HOST = "$(BUILT_PRODUCTS_DIR)/Sage.app/$(BUNDLE_EXECUTABLE_FOLDER_PATH)/Sage";
				XROS_DEPLOYMENT_TARGET = 2.2;
			};
			name = Release;
		};
		975E57AD2FBA57E7000E9CAF /* Debug */ = {
			isa = XCBuildConfiguration;
			buildSettings = {
				CODE_SIGN_STYLE = Automatic;
				CURRENT_PROJECT_VERSION = 1;
				DEAD_CODE_STRIPPING = YES;
				GENERATE_INFOPLIST_FILE = YES;
				IPHONEOS_DEPLOYMENT_TARGET = 18.2;
				MACOSX_DEPLOYMENT_TARGET = 15.2;
				MARKETING_VERSION = 1.0;
				PRODUCT_BUNDLE_IDENTIFIER = my.nutriappUITests;
				PRODUCT_NAME = "$(TARGET_NAME)";
				SDKROOT = auto;
				SUPPORTED_PLATFORMS = "iphoneos iphonesimulator macosx xros xrsimulator";
				SWIFT_EMIT_LOC_STRINGS = NO;
				SWIFT_VERSION = 5.0;
				TARGETED_DEVICE_FAMILY = "1,2,7";
				TEST_TARGET_NAME = Sage;
				XROS_DEPLOYMENT_TARGET = 2.2;
			};
			name = Debug;
		};
		975E57AE2FBA57E7000E9CAF /* Release */ = {
			isa = XCBuildConfiguration;
			buildSettings = {
				CODE_SIGN_STYLE = Automatic;
				CURRENT_PROJECT_VERSION = 1;
				DEAD_CODE_STRIPPING = YES;
				GENERATE_INFOPLIST_FILE = YES;
				IPHONEOS_DEPLOYMENT_TARGET = 18.2;
				MACOSX_DEPLOYMENT_TARGET = 15.2;
				MARKETING_VERSION = 1.0;
				PRODUCT_BUNDLE_IDENTIFIER = my.nutriappUITests;
				PRODUCT_NAME = "$(TARGET_NAME)";
				SDKROOT = auto;
				SUPPORTED_PLATFORMS = "iphoneos iphonesimulator macosx xros xrsimulator";
				SWIFT_EMIT_LOC_STRINGS = NO;
				SWIFT_VERSION = 5.0;
				TARGETED_DEVICE_FAMILY = "1,2,7";
				TEST_TARGET_NAME = Sage;
				XROS_DEPLOYMENT_TARGET = 2.2;
			};
			name = Release;
		};
		TRB001DBG001 /* Debug */ = {
			isa = XCBuildConfiguration;
			buildSettings = {
				CODE_SIGN_STYLE = Automatic;
				CURRENT_PROJECT_VERSION = 1;
				DEAD_CODE_STRIPPING = YES;
				DEVELOPMENT_TEAM = ZBZKP9T3S5;
				GENERATE_INFOPLIST_FILE = YES;
				MACOSX_DEPLOYMENT_TARGET = 15.2;
				MARKETING_VERSION = 1.0;
				PRODUCT_BUNDLE_IDENTIFIER = com.fmx.sage.TopRatedBuilder;
				PRODUCT_NAME = "$(TARGET_NAME)";
				SDKROOT = macosx;
				SUPPORTED_PLATFORMS = macosx;
				SWIFT_EMIT_LOC_STRINGS = NO;
				SWIFT_VERSION = 5.0;
			};
			name = Debug;
		};
		TRB001REL001 /* Release */ = {
			isa = XCBuildConfiguration;
			buildSettings = {
				CODE_SIGN_STYLE = Automatic;
				CURRENT_PROJECT_VERSION = 1;
				DEAD_CODE_STRIPPING = YES;
				DEVELOPMENT_TEAM = ZBZKP9T3S5;
				GENERATE_INFOPLIST_FILE = YES;
				MACOSX_DEPLOYMENT_TARGET = 15.2;
				MARKETING_VERSION = 1.0;
				PRODUCT_BUNDLE_IDENTIFIER = com.fmx.sage.TopRatedBuilder;
				PRODUCT_NAME = "$(TARGET_NAME)";
				SDKROOT = macosx;
				SUPPORTED_PLATFORMS = macosx;
				SWIFT_EMIT_LOC_STRINGS = NO;
				SWIFT_VERSION = 5.0;
			};
			name = Release;
		};
/* End XCBuildConfiguration section */

/* Begin XCConfigurationList section */
		975E577C2FBA57E1000E9CAF /* Build configuration list for PBXProject "Sage" */ = {
			isa = XCConfigurationList;
			buildConfigurations = (
				975E57A42FBA57E7000E9CAF /* Debug */,
				975E57A52FBA57E7000E9CAF /* Release */,
			);
			defaultConfigurationIsVisible = 0;
			defaultConfigurationName = Release;
		};
		975E57A62FBA57E7000E9CAF /* Build configuration list for PBXNativeTarget "Sage" */ = {
			isa = XCConfigurationList;
			buildConfigurations = (
				975E57A72FBA57E7000E9CAF /* Debug */,
				975E57A82FBA57E7000E9CAF /* Release */,
			);
			defaultConfigurationIsVisible = 0;
			defaultConfigurationName = Release;
		};
		975E57A92FBA57E7000E9CAF /* Build configuration list for PBXNativeTarget "nutriappTests" */ = {
			isa = XCConfigurationList;
			buildConfigurations = (
				975E57AA2FBA57E7000E9CAF /* Debug */,
				975E57AB2FBA57E7000E9CAF /* Release */,
			);
			defaultConfigurationIsVisible = 0;
			defaultConfigurationName = Release;
		};
		975E57AC2FBA57E7000E9CAF /* Build configuration list for PBXNativeTarget "nutriappUITests" */ = {
			isa = XCConfigurationList;
			buildConfigurations = (
				975E57AD2FBA57E7000E9CAF /* Debug */,
				975E57AE2FBA57E7000E9CAF /* Release */,
			);
			defaultConfigurationIsVisible = 0;
			defaultConfigurationName = Release;
		};
		TRB001BLCL001 /* Build configuration list for PBXNativeTarget "TopRatedBuilder" */ = {
			isa = XCConfigurationList;
			buildConfigurations = (
				TRB001DBG001 /* Debug */,
				TRB001REL001 /* Release */,
			);
			defaultConfigurationIsVisible = 0;
			defaultConfigurationName = Release;
		};
/* End XCConfigurationList section */
	};
	rootObject = 975E57792FBA57E1000E9CAF /* Project object */;
}
